
Microsoft Visual Studio Solution File, Format Version 12.00
# Visual Studio Version 16
Project("{8BC9CEB8-8B4A-11D0-8D11-00A0C91BC942}") = "GLFWTesting", "GLFWTesting\GLFWTesting.vcxproj", "{73C3C075-DF78-396B-686D-3342D421306F}"
EndProject
Project("{8BC9CEB8-8B4A-11D0-8D11-00A0C91BC942}") = "MyGLFW", "VIIL\lib\MyGLFW\MyGLFW.vcxproj", "{BB0D32C4-A7AF-5C9A-906A-70EE7CABE3EA}"
EndProject
Project("{8BC9CEB8-8B4A-11D0-8D11-00A0C91BC942}") = "VIIL", "VIIL\VIIL.vcxproj", "{59788D7C-45AF-8E0D-EE9B-7410DAB10A0F}"
EndProject
Project("{8BC9CEB8-8B4A-11D0-8D11-00A0C91BC942}") = "VIILTestProject", "VIILTestProject\VIILTestProject.vcxproj", "{7072535F-DCFD-C023-E50E-441851191D24}"
EndProject
Global
	GlobalSection(SolutionConfigurationPlatforms) = preSolution
		Debug|x64 = Debug|x64
		Release|x64 = Release|x64
	EndGlobalSection
	GlobalSection(ProjectConfigurationPlatforms) = postSolution
		{73C3C075-DF78-396B-686D-3342D421306F}.Debug|x64.ActiveCfg = Debug|x64
		{73C3C075-DF78-396B-686D-3342D421306F}.Debug|x64.Build.0 = Debug|x64
		{73C3C075-DF78-396B-686D-3342D421306F}.Release|x64.ActiveCfg = Release|x64
		{73C3C075-DF78-396B-686D-3342D421306F}.Release|x64.Build.0 = Release|x64
		{BB0D32C4-A7AF-5C9A-906A-70EE7CABE3EA}.Debug|x64.ActiveCfg = Debug|x64
		{BB0D32C4-A7AF-5C9A-906A-70EE7CABE3EA}.Debug|x64.Build.0 = Debug|x64
		{BB0D32C4-A7AF-5C9A-906A-70EE7CABE3EA}.Release|x64.ActiveCfg = Release|x64
		{BB0D32C4-A7AF-5C9A-906A-70EE7CABE3EA}.Release|x64.Build.0 = Release|x64
		{59788D7C-45AF-8E0D-EE9B-7410DAB10A0F}.Debug|x64.ActiveCfg = Debug|x64
		{59788D7C-45AF-8E0D-EE9B-7410DAB10A0F}.Debug|x64.Build.0 = Debug|x64
		{59788D7C-45AF-8E0D-EE9B-7410DAB10A0F}.Release|x64.ActiveCfg = Release|x64
		{59788D7C-45AF-8E0D-EE9B-7410DAB10A0F}.Release|x64.Build.0 = Release|x64
		{7072535F-DCFD-C023-E50E-441851191D24}.Debug|x64.ActiveCfg = Debug|x64
		{7072535F-DCFD-C023-E50E-441851191D24}.Debug|x64.Build.0 = Debug|x64
		{7072535F-DCFD-C023-E50E-441851191D24}.Release|x64.ActiveCfg = Release|x64
		{7072535F-DCFD-C023-E50E-441851191D24}.Release|x64.Build.0 = Release|x64
	EndGlobalSection
	GlobalSection(SolutionProperties) = preSolution
		HideSolutionNode = FALSE
	EndGlobalSection
EndGlobal
